
Microsoft Visual Studio Solution File, Format Version 12.00
Project("{FAE04EC0-301F-11D3-BF4B-00C04F79EFBC}") = "EventManagementSystem", "EventManagementSystem.csproj", "{EF3969E8-49F2-4656-B823-C5B6811D6CAC}"
EndProject
Global
	GlobalSection(SolutionConfigurationPlatforms) = preSolution
		Debug|Any CPU = Debug|Any CPU
		Release|Any CPU = Release|Any CPU
	EndGlobalSection
	GlobalSection(ProjectConfigurationPlatforms) = postSolution
		{EF3969E8-49F2-4656-B823-C5B6811D6CAC}.Debug|Any CPU.ActiveCfg = Debug|Any CPU
		{EF3969E8-49F2-4656-B823-C5B6811D6CAC}.Debug|Any CPU.Build.0 = Debug|Any CPU
		{EF3969E8-49F2-4656-B823-C5B6811D6CAC}.Release|Any CPU.ActiveCfg = Release|Any CPU
		{EF3969E8-49F2-4656-B823-C5B6811D6CAC}.Release|Any CPU.Build.0 = Release|Any CPU
	EndGlobalSection
EndGlobal
